
Microsoft Visual Studio Solution File, Format Version 12.00
# Visual Studio Version 17
VisualStudioVersion = 17.6.33815.320
MinimumVisualStudioVersion = 10.0.40219.1
Project("{9A19103F-16F7-4668-BE54-9A1E7A4F7556}") = "S3ImageTrigger", "S3ImageTrigger\S3ImageTrigger.csproj", "{9C6944E5-9C8A-4A1F-A970-56DDAD6741B1}"
EndProject
Global
	GlobalSection(SolutionConfigurationPlatforms) = preSolution
		Debug|Any CPU = Debug|Any CPU
		Release|Any CPU = Release|Any CPU
	EndGlobalSection
	GlobalSection(ProjectConfigurationPlatforms) = postSolution
		{9C6944E5-9C8A-4A1F-A970-56DDAD6741B1}.Debug|Any CPU.ActiveCfg = Debug|Any CPU
		{9C6944E5-9C8A-4A1F-A970-56DDAD6741B1}.Debug|Any CPU.Build.0 = Debug|Any CPU
		{9C6944E5-9C8A-4A1F-A970-56DDAD6741B1}.Release|Any CPU.ActiveCfg = Release|Any CPU
		{9C6944E5-9C8A-4A1F-A970-56DDAD6741B1}.Release|Any CPU.Build.0 = Release|Any CPU
	EndGlobalSection
	GlobalSection(SolutionProperties) = preSolution
		HideSolutionNode = FALSE
	EndGlobalSection
	GlobalSection(ExtensibilityGlobals) = postSolution
		SolutionGuid = {77AED60D-DB7B-495A-BEAE-5F5B5B9F555D}
	EndGlobalSection
EndGlobal
